
Microsoft Visual Studio Solution File, Format Version 12.00
# Visual Studio 15
VisualStudioVersion = 15.0.26124.0
MinimumVisualStudioVersion = 15.0.26124.0
Project("{FAE04EC0-301F-11D3-BF4B-00C04F79EFBC}") = "Krafteq.ElsterModel", "src\app\Krafteq.ElsterModel\Krafteq.ElsterModel.csproj", "{69FBA699-7FE9-405D-8189-2035DEF14624}"
EndProject
Project("{FAE04EC0-301F-11D3-BF4B-00C04F79EFBC}") = "Krafteq.ElsterModel.Tests", "src\test\Krafteq.ElsterModel.Tests\Krafteq.ElsterModel.Tests.csproj", "{F20ADBD9-113E-4557-B394-12E48512DA80}"
EndProject
Global
	GlobalSection(SolutionConfigurationPlatforms) = preSolution
		Debug|Any CPU = Debug|Any CPU
		Debug|x64 = Debug|x64
		Debug|x86 = Debug|x86
		Release|Any CPU = Release|Any CPU
		Release|x64 = Release|x64
		Release|x86 = Release|x86
	EndGlobalSection
	GlobalSection(SolutionProperties) = preSolution
		HideSolutionNode = FALSE
	EndGlobalSection
	GlobalSection(ProjectConfigurationPlatforms) = postSolution
		{69FBA699-7FE9-405D-8189-2035DEF14624}.Debug|Any CPU.ActiveCfg = Debug|Any CPU
		{69FBA699-7FE9-405D-8189-2035DEF14624}.Debug|Any CPU.Build.0 = Debug|Any CPU
		{69FBA699-7FE9-405D-8189-2035DEF14624}.Debug|x64.ActiveCfg = Debug|Any CPU
		{69FBA699-7FE9-405D-8189-2035DEF14624}.Debug|x64.Build.0 = Debug|Any CPU
		{69FBA699-7FE9-405D-8189-2035DEF14624}.Debug|x86.ActiveCfg = Debug|Any CPU
		{69FBA699-7FE9-405D-8189-2035DEF14624}.Debug|x86.Build.0 = Debug|Any CPU
		{69FBA699-7FE9-405D-8189-2035DEF14624}.Release|Any CPU.ActiveCfg = Release|Any CPU
		{69FBA699-7FE9-405D-8189-2035DEF14624}.Release|Any CPU.Build.0 = Release|Any CPU
		{69FBA699-7FE9-405D-8189-2035DEF14624}.Release|x64.ActiveCfg = Release|Any CPU
		{69FBA699-7FE9-405D-8189-2035DEF14624}.Release|x64.Build.0 = Release|Any CPU
		{69FBA699-7FE9-405D-8189-2035DEF14624}.Release|x86.ActiveCfg = Release|Any CPU
		{69FBA699-7FE9-405D-8189-2035DEF14624}.Release|x86.Build.0 = Release|Any CPU
		{F20ADBD9-113E-4557-B394-12E48512DA80}.Debug|Any CPU.ActiveCfg = Debug|Any CPU
		{F20ADBD9-113E-4557-B394-12E48512DA80}.Debug|Any CPU.Build.0 = Debug|Any CPU
		{F20ADBD9-113E-4557-B394-12E48512DA80}.Debug|x64.ActiveCfg = Debug|Any CPU
		{F20ADBD9-113E-4557-B394-12E48512DA80}.Debug|x64.Build.0 = Debug|Any CPU
		{F20ADBD9-113E-4557-B394-12E48512DA80}.Debug|x86.ActiveCfg = Debug|Any CPU
		{F20ADBD9-113E-4557-B394-12E48512DA80}.Debug|x86.Build.0 = Debug|Any CPU
		{F20ADBD9-113E-4557-B394-12E48512DA80}.Release|Any CPU.ActiveCfg = Release|Any CPU
		{F20ADBD9-113E-4557-B394-12E48512DA80}.Release|Any CPU.Build.0 = Release|Any CPU
		{F20ADBD9-113E-4557-B394-12E48512DA80}.Release|x64.ActiveCfg = Release|Any CPU
		{F20ADBD9-113E-4557-B394-12E48512DA80}.Release|x64.Build.0 = Release|Any CPU
		{F20ADBD9-113E-4557-B394-12E48512DA80}.Release|x86.ActiveCfg = Release|Any CPU
		{F20ADBD9-113E-4557-B394-12E48512DA80}.Release|x86.Build.0 = Release|Any CPU
	EndGlobalSection
EndGlobal
